// !$*UTF8*$!
{
	archiveVersion = 1;
	classes = {
	};
	objectVersion = 52;
	objects = {

/* Begin PBXBuildFile section */
		84634F9128A4D8660050DB63 /* AppDelegate.swift in Sources */ = {isa = PBXBuildFile; fileRef = 84634F9028A4D8660050DB63 /* AppDelegate.swift */; };
		84634F9328A4D8660050DB63 /* SceneDelegate.swift in Sources */ = {isa = PBXBuildFile; fileRef = 84634F9228A4D8660050DB63 /* SceneDelegate.swift */; };
		84634F9528A4D8660050DB63 /* CountriesViewController.swift in Sources */ = {isa = PBXBuildFile; fileRef = 84634F9428A4D8660050DB63 /* CountriesViewController.swift */; };
		84634F9828A4D8660050DB63 /* Main.storyboard in Resources */ = {isa = PBXBuildFile; fileRef = 84634F9628A4D8660050DB63 /* Main.storyboard */; };
		84634F9A28A4D8720050DB63 /* Assets.xcassets in Resources */ = {isa = PBXBuildFile; fileRef = 84634F9928A4D8720050DB63 /* Assets.xcassets */; };
		84634F9D28A4D8720050DB63 /* LaunchScreen.storyboard in Resources */ = {isa = PBXBuildFile; fileRef = 84634F9B28A4D8720050DB63 /* LaunchScreen.storyboard */; };
		84634FA728A4D8E30050DB63 /* CountryService.swift in Sources */ = {isa = PBXBuildFile; fileRef = 84634FA628A4D8E30050DB63 /* CountryService.swift */; };
		84634FAC28A4D9CC0050DB63 /* CountryModel.swift in Sources */ = {isa = PBXBuildFile; fileRef = 84634FAB28A4D9CC0050DB63 /* CountryModel.swift */; };
		84634FB028A4E0DB0050DB63 /* CountryNameTableViewCell.swift in Sources */ = {isa = PBXBuildFile; fileRef = 84634FAF28A4E0DB0050DB63 /* CountryNameTableViewCell.swift */; };
		84634FB528A4EA3C0050DB63 /* CountryDetailsViewController.swift in Sources */ = {isa = PBXBuildFile; fileRef = 84634FB428A4EA3C0050DB63 /* CountryDetailsViewController.swift */; };
		84634FC628A4F1F80050DB63 /* Extension.swift in Sources */ = {isa = PBXBuildFile; fileRef = 84634FC528A4F1F80050DB63 /* Extension.swift */; };
		84634FCA28A5586B0050DB63 /* SVGKit in Frameworks */ = {isa = PBXBuildFile; productRef = 84634FC928A5586B0050DB63 /* SVGKit */; };
		84634FCC28A5586B0050DB63 /* SVGKitSwift in Frameworks */ = {isa = PBXBuildFile; productRef = 84634FCB28A5586B0050DB63 /* SVGKitSwift */; };
		8478D2ED29B0D8F100F67E1B /* CountryViewModel.swift in Sources */ = {isa = PBXBuildFile; fileRef = 8478D2EC29B0D8F100F67E1B /* CountryViewModel.swift */; };
		8478D2FA29B1EF0A00F67E1B /* ObservableObject.swift in Sources */ = {isa = PBXBuildFile; fileRef = 8478D2F929B1EF0800F67E1B /* ObservableObject.swift */; };
		8478D30629B36AF000F67E1B /* CountryDetailsViewModel.swift in Sources */ = {isa = PBXBuildFile; fileRef = 8478D30529B36AF000F67E1B /* CountryDetailsViewModel.swift */; };
/* End PBXBuildFile section */

/* Begin PBXFileReference section */
		84634F8D28A4D8660050DB63 /* CountryApp.app */ = {isa = PBXFileReference; explicitFileType = wrapper.application; includeInIndex = 0; path = CountryApp.app; sourceTree = BUILT_PRODUCTS_DIR; };
		84634F9028A4D8660050DB63 /* AppDelegate.swift */ = {isa = PBXFileReference; lastKnownFileType = sourcecode.swift; path = AppDelegate.swift; sourceTree = "<group>"; };
		84634F9228A4D8660050DB63 /* SceneDelegate.swift */ = {isa = PBXFileReference; lastKnownFileType = sourcecode.swift; path = SceneDelegate.swift; sourceTree = "<group>"; };
		84634F9428A4D8660050DB63 /* CountriesViewController.swift */ = {isa = PBXFileReference; lastKnownFileType = sourcecode.swift; path = CountriesViewController.swift; sourceTree = "<group>"; };
		84634F9728A4D8660050DB63 /* Base */ = {isa = PBXFileReference; lastKnownFileType = file.storyboard; name = Base; path = Base.lproj/Main.storyboard; sourceTree = "<group>"; };
		84634F9928A4D8720050DB63 /* Assets.xcassets */ = {isa = PBXFileReference; lastKnownFileType = folder.assetcatalog; path = Assets.xcassets; sourceTree = "<group>"; };
		84634F9C28A4D8720050DB63 /* Base */ = {isa = PBXFileReference; lastKnownFileType = file.storyboard; name = Base; path = Base.lproj/LaunchScreen.storyboard; sourceTree = "<group>"; };
		84634F9E28A4D8720050DB63 /* Info.plist */ = {isa = PBXFileReference; lastKnownFileType = text.plist.xml; path = Info.plist; sourceTree = "<group>"; };
		84634FA628A4D8E30050DB63 /* CountryService.swift */ = {isa = PBXFileReference; lastKnownFileType = sourcecode.swift; path = CountryService.swift; sourceTree = "<group>"; };
		84634FAB28A4D9CC0050DB63 /* CountryModel.swift */ = {isa = PBXFileReference; lastKnownFileType = sourcecode.swift; path = CountryModel.swift; sourceTree = "<group>"; };
		84634FAF28A4E0DB0050DB63 /* CountryNameTableViewCell.swift */ = {isa = PBXFileReference; lastKnownFileType = sourcecode.swift; path = CountryNameTableViewCell.swift; sourceTree = "<group>"; };
		84634FB428A4EA3C0050DB63 /* CountryDetailsViewController.swift */ = {isa = PBXFileReference; lastKnownFileType = sourcecode.swift; path = CountryDetailsViewController.swift; sourceTree = "<group>"; };
		84634FC528A4F1F80050DB63 /* Extension.swift */ = {isa = PBXFileReference; lastKnownFileType = sourcecode.swift; path = Extension.swift; sourceTree = "<group>"; };
		8478D2EC29B0D8F100F67E1B /* CountryViewModel.swift */ = {isa = PBXFileReference; lastKnownFileType = sourcecode.swift; path = CountryViewModel.swift; sourceTree = "<group>"; };
		8478D2F929B1EF0800F67E1B /* ObservableObject.swift */ = {isa = PBXFileReference; lastKnownFileType = sourcecode.swift; path = ObservableObject.swift; sourceTree = "<group>"; };
		8478D30529B36AF000F67E1B /* CountryDetailsViewModel.swift */ = {isa = PBXFileReference; lastKnownFileType = sourcecode.swift; path = CountryDetailsViewModel.swift; sourceTree = "<group>"; };
/* End PBXFileReference section */

/* Begin PBXFrameworksBuildPhase section */
		84634F8A28A4D8660050DB63 /* Frameworks */ = {
			isa = PBXFrameworksBuildPhase;
			buildActionMask = 2147483647;
			files = (
				84634FCC28A5586B0050DB63 /* SVGKitSwift in Frameworks */,
				84634FCA28A5586B0050DB63 /* SVGKit in Frameworks */,
			);
			runOnlyForDeploymentPostprocessing = 0;
		};
/* End PBXFrameworksBuildPhase section */

/* Begin PBXGroup section */
		84634F8428A4D8660050DB63 = {
			isa = PBXGroup;
			children = (
				84634F8F28A4D8660050DB63 /* CountryApp */,
				84634F8E28A4D8660050DB63 /* Products */,
			);
			sourceTree = "<group>";
		};
		84634F8E28A4D8660050DB63 /* Products */ = {
			isa = PBXGroup;
			children = (
				84634F8D28A4D8660050DB63 /* CountryApp.app */,
			);
			name = Products;
			sourceTree = "<group>";
		};
		84634F8F28A4D8660050DB63 /* CountryApp */ = {
			isa = PBXGroup;
			children = (
				8478D2F929B1EF0800F67E1B /* ObservableObject.swift */,
				84634FAA28A4D9B50050DB63 /* Models */,
				84634FB228A4E9E10050DB63 /* Views */,
				8478D2EB29B0D8CA00F67E1B /* ViewModels */,
				84634FAE28A4E0A30050DB63 /* Cell */,
				84634FA528A4D8970050DB63 /* Services */,
				84634FC428A4F1E50050DB63 /* Extensions */,
				84634F9028A4D8660050DB63 /* AppDelegate.swift */,
				84634F9228A4D8660050DB63 /* SceneDelegate.swift */,
				84634F9628A4D8660050DB63 /* Main.storyboard */,
				84634F9928A4D8720050DB63 /* Assets.xcassets */,
				84634F9B28A4D8720050DB63 /* LaunchScreen.storyboard */,
				84634F9E28A4D8720050DB63 /* Info.plist */,
			);
			path = CountryApp;
			sourceTree = "<group>";
		};
		84634FA528A4D8970050DB63 /* Services */ = {
			isa = PBXGroup;
			children = (
				84634FA628A4D8E30050DB63 /* CountryService.swift */,
			);
			path = Services;
			sourceTree = "<group>";
		};
		84634FAA28A4D9B50050DB63 /* Models */ = {
			isa = PBXGroup;
			children = (
				84634FAB28A4D9CC0050DB63 /* CountryModel.swift */,
			);
			path = Models;
			sourceTree = "<group>";
		};
		84634FAE28A4E0A30050DB63 /* Cell */ = {
			isa = PBXGroup;
			children = (
				84634FBF28A4EF270050DB63 /* CountryNameCell */,
			);
			path = Cell;
			sourceTree = "<group>";
		};
		84634FB228A4E9E10050DB63 /* Views */ = {
			isa = PBXGroup;
			children = (
				8478D2E929B0D7C700F67E1B /* Country */,
				8478D30129B36A8C00F67E1B /* Details */,
			);
			path = Views;
			sourceTree = "<group>";
		};
		84634FBF28A4EF270050DB63 /* CountryNameCell */ = {
			isa = PBXGroup;
			children = (
				84634FAF28A4E0DB0050DB63 /* CountryNameTableViewCell.swift */,
			);
			path = CountryNameCell;
			sourceTree = "<group>";
		};
		84634FC428A4F1E50050DB63 /* Extensions */ = {
			isa = PBXGroup;
			children = (
				84634FC528A4F1F80050DB63 /* Extension.swift */,
			);
			path = Extensions;
			sourceTree = "<group>";
		};
		8478D2E929B0D7C700F67E1B /* Country */ = {
			isa = PBXGroup;
			children = (
				84634F9428A4D8660050DB63 /* CountriesViewController.swift */,
			);
			path = Country;
			sourceTree = "<group>";
		};
		8478D2EB29B0D8CA00F67E1B /* ViewModels */ = {
			isa = PBXGroup;
			children = (
				8478D2EC29B0D8F100F67E1B /* CountryViewModel.swift */,
				8478D30529B36AF000F67E1B /* CountryDetailsViewModel.swift */,
			);
			path = ViewModels;
			sourceTree = "<group>";
		};
		8478D30129B36A8C00F67E1B /* Details */ = {
			isa = PBXGroup;
			children = (
				84634FB428A4EA3C0050DB63 /* CountryDetailsViewController.swift */,
			);
			path = Details;
			sourceTree = "<group>";
		};
/* End PBXGroup section */

/* Begin PBXNativeTarget section */
		84634F8C28A4D8660050DB63 /* CountryApp */ = {
			isa = PBXNativeTarget;
			buildConfigurationList = 84634FA128A4D8720050DB63 /* Build configuration list for PBXNativeTarget "CountryApp" */;
			buildPhases = (
				84634F8928A4D8660050DB63 /* Sources */,
				84634F8A28A4D8660050DB63 /* Frameworks */,
				84634F8B28A4D8660050DB63 /* Resources */,
			);
			buildRules = (
			);
			dependencies = (
			);
			name = CountryApp;
			packageProductDependencies = (
				84634FC928A5586B0050DB63 /* SVGKit */,
				84634FCB28A5586B0050DB63 /* SVGKitSwift */,
			);
			productName = "MirianMaglakelidze#21";
			productReference = 84634F8D28A4D8660050DB63 /* CountryApp.app */;
			productType = "com.apple.product-type.application";
		};
/* End PBXNativeTarget section */

/* Begin PBXProject section */
		84634F8528A4D8660050DB63 /* Project object */ = {
			isa = PBXProject;
			attributes = {
				LastSwiftUpdateCheck = 1240;
				LastUpgradeCheck = 1240;
				TargetAttributes = {
					84634F8C28A4D8660050DB63 = {
						CreatedOnToolsVersion = 12.4;
					};
				};
			};
			buildConfigurationList = 84634F8828A4D8660050DB63 /* Build configuration list for PBXProject "CountryApp" */;
			compatibilityVersion = "Xcode 9.3";
			developmentRegion = en;
			hasScannedForEncodings = 0;
			knownRegions = (
				en,
				Base,
			);
			mainGroup = 84634F8428A4D8660050DB63;
			packageReferences = (
				84634FC828A5586B0050DB63 /* XCRemoteSwiftPackageReference "SVGKit" */,
			);
			productRefGroup = 84634F8E28A4D8660050DB63 /* Products */;
			projectDirPath = "";
			projectRoot = "";
			targets = (
				84634F8C28A4D8660050DB63 /* CountryApp */,
			);
		};
/* End PBXProject section */

/* Begin PBXResourcesBuildPhase section */
		84634F8B28A4D8660050DB63 /* Resources */ = {
			isa = PBXResourcesBuildPhase;
			buildActionMask = 2147483647;
			files = (
				84634F9D28A4D8720050DB63 /* LaunchScreen.storyboard in Resources */,
				84634F9A28A4D8720050DB63 /* Assets.xcassets in Resources */,
				84634F9828A4D8660050DB63 /* Main.storyboard in Resources */,
			);
			runOnlyForDeploymentPostprocessing = 0;
		};
/* End PBXResourcesBuildPhase section */

/* Begin PBXSourcesBuildPhase section */
		84634F8928A4D8660050DB63 /* Sources */ = {
			isa = PBXSourcesBuildPhase;
			buildActionMask = 2147483647;
			files = (
				84634F9528A4D8660050DB63 /* CountriesViewController.swift in Sources */,
				84634FA728A4D8E30050DB63 /* CountryService.swift in Sources */,
				84634F9128A4D8660050DB63 /* AppDelegate.swift in Sources */,
				8478D2ED29B0D8F100F67E1B /* CountryViewModel.swift in Sources */,
				84634FB028A4E0DB0050DB63 /* CountryNameTableViewCell.swift in Sources */,
				8478D2FA29B1EF0A00F67E1B /* ObservableObject.swift in Sources */,
				84634F9328A4D8660050DB63 /* SceneDelegate.swift in Sources */,
				8478D30629B36AF000F67E1B /* CountryDetailsViewModel.swift in Sources */,
				84634FB528A4EA3C0050DB63 /* CountryDetailsViewController.swift in Sources */,
				84634FAC28A4D9CC0050DB63 /* CountryModel.swift in Sources */,
				84634FC628A4F1F80050DB63 /* Extension.swift in Sources */,
			);
			runOnlyForDeploymentPostprocessing = 0;
		};
/* End PBXSourcesBuildPhase section */

/* Begin PBXVariantGroup section */
		84634F9628A4D8660050DB63 /* Main.storyboard */ = {
			isa = PBXVariantGroup;
			children = (
				84634F9728A4D8660050DB63 /* Base */,
			);
			name = Main.storyboard;
			sourceTree = "<group>";
		};
		84634F9B28A4D8720050DB63 /* LaunchScreen.storyboard */ = {
			isa = PBXVariantGroup;
			children = (
				84634F9C28A4D8720050DB63 /* Base */,
			);
			name = LaunchScreen.storyboard;
			sourceTree = "<group>";
		};
/* End PBXVariantGroup section */

/* Begin XCBuildConfiguration section */
		84634F9F28A4D8720050DB63 /* Debug */ = {
			isa = XCBuildConfiguration;
			buildSettings = {
				ALWAYS_SEARCH_USER_PATHS = NO;
				CLANG_ANALYZER_NONNULL = YES;
				CLANG_ANALYZER_NUMBER_OBJECT_CONVERSION = YES_AGGRESSIVE;
				CLANG_CXX_LANGUAGE_STANDARD = "gnu++14";
				CLANG_CXX_LIBRARY = "libc++";
				CLANG_ENABLE_MODULES = YES;
				CLANG_ENABLE_OBJC_ARC = YES;
				CLANG_ENABLE_OBJC_WEAK = YES;
				CLANG_WARN_BLOCK_CAPTURE_AUTORELEASING = YES;
				CLANG_WARN_BOOL_CONVERSION = YES;
				CLANG_WARN_COMMA = YES;
				CLANG_WARN_CONSTANT_CONVERSION = YES;
				CLANG_WARN_DEPRECATED_OBJC_IMPLEMENTATIONS = YES;
				CLANG_WARN_DIRECT_OBJC_ISA_USAGE = YES_ERROR;
				CLANG_WARN_DOCUMENTATION_COMMENTS = YES;
				CLANG_WARN_EMPTY_BODY = YES;
				CLANG_WARN_ENUM_CONVERSION = YES;
				CLANG_WARN_INFINITE_RECURSION = YES;
				CLANG_WARN_INT_CONVERSION = YES;
				CLANG_WARN_NON_LITERAL_NULL_CONVERSION = YES;
				CLANG_WARN_OBJC_IMPLICIT_RETAIN_SELF = YES;
				CLANG_WARN_OBJC_LITERAL_CONVERSION = YES;
				CLANG_WARN_OBJC_ROOT_CLASS = YES_ERROR;
				CLANG_WARN_QUOTED_INCLUDE_IN_FRAMEWORK_HEADER = YES;
				CLANG_WARN_RANGE_LOOP_ANALYSIS = YES;
				CLANG_WARN_STRICT_PROTOTYPES = YES;
				CLANG_WARN_SUSPICIOUS_MOVE = YES;
				CLANG_WARN_UNGUARDED_AVAILABILITY = YES_AGGRESSIVE;
				CLANG_WARN_UNREACHABLE_CODE = YES;
				CLANG_WARN__DUPLICATE_METHOD_MATCH = YES;
				COPY_PHASE_STRIP = NO;
				DEBUG_INFORMATION_FORMAT = dwarf;
				ENABLE_STRICT_OBJC_MSGSEND = YES;
				ENABLE_TESTABILITY = YES;
				GCC_C_LANGUAGE_STANDARD = gnu11;
				GCC_DYNAMIC_NO_PIC = NO;
				GCC_NO_COMMON_BLOCKS = YES;
				GCC_OPTIMIZATION_LEVEL = 0;
				GCC_PREPROCESSOR_DEFINITIONS = (
					"DEBUG=1",
					"$(inherited)",
				);
				GCC_WARN_64_TO_32_BIT_CONVERSION = YES;
				GCC_WARN_ABOUT_RETURN_TYPE = YES_ERROR;
				GCC_WARN_UNDECLARED_SELECTOR = YES;
				GCC_WARN_UNINITIALIZED_AUTOS = YES_AGGRESSIVE;
				GCC_WARN_UNUSED_FUNCTION = YES;
				GCC_WARN_UNUSED_VARIABLE = YES;
				IPHONEOS_DEPLOYMENT_TARGET = 14.4;
				MTL_ENABLE_DEBUG_INFO = INCLUDE_SOURCE;
				MTL_FAST_MATH = YES;
				ONLY_ACTIVE_ARCH = YES;
				SDKROOT = iphoneos;
				SWIFT_ACTIVE_COMPILATION_CONDITIONS = DEBUG;
				SWIFT_OPTIMIZATION_LEVEL = "-Onone";
			};
			name = Debug;
		};
		84634FA028A4D8720050DB63 /* Release */ = {
			isa = XCBuildConfiguration;
			buildSettings = {
				ALWAYS_SEARCH_USER_PATHS = NO;
				CLANG_ANALYZER_NONNULL = YES;
				CLANG_ANALYZER_NUMBER_OBJECT_CONVERSION = YES_AGGRESSIVE;
				CLANG_CXX_LANGUAGE_STANDARD = "gnu++14";
				CLANG_CXX_LIBRARY = "libc++";
				CLANG_ENABLE_MODULES = YES;
				CLANG_ENABLE_OBJC_ARC = YES;
				CLANG_ENABLE_OBJC_WEAK = YES;
				CLANG_WARN_BLOCK_CAPTURE_AUTORELEASING = YES;
				CLANG_WARN_BOOL_CONVERSION = YES;
				CLANG_WARN_COMMA = YES;
				CLANG_WARN_CONSTANT_CONVERSION = YES;
				CLANG_WARN_DEPRECATED_OBJC_IMPLEMENTATIONS = YES;
				CLANG_WARN_DIRECT_OBJC_ISA_USAGE = YES_ERROR;
				CLANG_WARN_DOCUMENTATION_COMMENTS = YES;
				CLANG_WARN_EMPTY_BODY = YES;
				CLANG_WARN_ENUM_CONVERSION = YES;
				CLANG_WARN_INFINITE_RECURSION = YES;
				CLANG_WARN_INT_CONVERSION = YES;
				CLANG_WARN_NON_LITERAL_NULL_CONVERSION = YES;
				CLANG_WARN_OBJC_IMPLICIT_RETAIN_SELF = YES;
				CLANG_WARN_OBJC_LITERAL_CONVERSION = YES;
				CLANG_WARN_OBJC_ROOT_CLASS = YES_ERROR;
				CLANG_WARN_QUOTED_INCLUDE_IN_FRAMEWORK_HEADER = YES;
				CLANG_WARN_RANGE_LOOP_ANALYSIS = YES;
				CLANG_WARN_STRICT_PROTOTYPES = YES;
				CLANG_WARN_SUSPICIOUS_MOVE = YES;
				CLANG_WARN_UNGUARDED_AVAILABILITY = YES_AGGRESSIVE;
				CLANG_WARN_UNREACHABLE_CODE = YES;
				CLANG_WARN__DUPLICATE_METHOD_MATCH = YES;
				COPY_PHASE_STRIP = NO;
				DEBUG_INFORMATION_FORMAT = "dwarf-with-dsym";
				ENABLE_NS_ASSERTIONS = NO;
				ENABLE_STRICT_OBJC_MSGSEND = YES;
				GCC_C_LANGUAGE_STANDARD = gnu11;
				GCC_NO_COMMON_BLOCKS = YES;
				GCC_WARN_64_TO_32_BIT_CONVERSION = YES;
				GCC_WARN_ABOUT_RETURN_TYPE = YES_ERROR;
				GCC_WARN_UNDECLARED_SELECTOR = YES;
				GCC_WARN_UNINITIALIZED_AUTOS = YES_AGGRESSIVE;
				GCC_WARN_UNUSED_FUNCTION = YES;
				GCC_WARN_UNUSED_VARIABLE = YES;
				IPHONEOS_DEPLOYMENT_TARGET = 14.4;
				MTL_ENABLE_DEBUG_INFO = NO;
				MTL_FAST_MATH = YES;
				SDKROOT = iphoneos;
				SWIFT_COMPILATION_MODE = wholemodule;
				SWIFT_OPTIMIZATION_LEVEL = "-O";
				VALIDATE_PRODUCT = YES;
			};
			name = Release;
		};
		84634FA228A4D8720050DB63 /* Debug */ = {
			isa = XCBuildConfiguration;
			buildSettings = {
				ASSETCATALOG_COMPILER_APPICON_NAME = AppIcon;
				ASSETCATALOG_COMPILER_GLOBAL_ACCENT_COLOR_NAME = AccentColor;
				CODE_SIGN_STYLE = Automatic;
				INFOPLIST_FILE = CountryApp/Info.plist;
				LD_RUNPATH_SEARCH_PATHS = (
					"$(inherited)",
					"@executable_path/Frameworks",
				);
				PRODUCT_BUNDLE_IDENTIFIER = "Mirian-maglakelidze.CountryApp";
				PRODUCT_NAME = "$(TARGET_NAME)";
				SWIFT_VERSION = 5.0;
				TARGETED_DEVICE_FAMILY = "1,2";
			};
			name = Debug;
		};
		84634FA328A4D8720050DB63 /* Release */ = {
			isa = XCBuildConfiguration;
			buildSettings = {
				ASSETCATALOG_COMPILER_APPICON_NAME = AppIcon;
				ASSETCATALOG_COMPILER_GLOBAL_ACCENT_COLOR_NAME = AccentColor;
				CODE_SIGN_STYLE = Automatic;
				INFOPLIST_FILE = CountryApp/Info.plist;
				LD_RUNPATH_SEARCH_PATHS = (
					"$(inherited)",
					"@executable_path/Frameworks",
				);
				PRODUCT_BUNDLE_IDENTIFIER = "Mirian-maglakelidze.CountryApp";
				PRODUCT_NAME = "$(TARGET_NAME)";
				SWIFT_VERSION = 5.0;
				TARGETED_DEVICE_FAMILY = "1,2";
			};
			name = Release;
		};
/* End XCBuildConfiguration section */

/* Begin XCConfigurationList section */
		84634F8828A4D8660050DB63 /* Build configuration list for PBXProject "CountryApp" */ = {
			isa = XCConfigurationList;
			buildConfigurations = (
				84634F9F28A4D8720050DB63 /* Debug */,
				84634FA028A4D8720050DB63 /* Release */,
			);
			defaultConfigurationIsVisible = 0;
			defaultConfigurationName = Release;
		};
		84634FA128A4D8720050DB63 /* Build configuration list for PBXNativeTarget "CountryApp" */ = {
			isa = XCConfigurationList;
			buildConfigurations = (
				84634FA228A4D8720050DB63 /* Debug */,
				84634FA328A4D8720050DB63 /* Release */,
			);
			defaultConfigurationIsVisible = 0;
			defaultConfigurationName = Release;
		};
/* End XCConfigurationList section */

/* Begin XCRemoteSwiftPackageReference section */
		84634FC828A5586B0050DB63 /* XCRemoteSwiftPackageReference "SVGKit" */ = {
			isa = XCRemoteSwiftPackageReference;
			repositoryURL = "https://github.com/SVGKit/SVGKit.git";
			requirement = {
				kind = upToNextMajorVersion;
				minimumVersion = 3.0.0;
			};
		};
/* End XCRemoteSwiftPackageReference section */

/* Begin XCSwiftPackageProductDependency section */
		84634FC928A5586B0050DB63 /* SVGKit */ = {
			isa = XCSwiftPackageProductDependency;
			package = 84634FC828A5586B0050DB63 /* XCRemoteSwiftPackageReference "SVGKit" */;
			productName = SVGKit;
		};
		84634FCB28A5586B0050DB63 /* SVGKitSwift */ = {
			isa = XCSwiftPackageProductDependency;
			package = 84634FC828A5586B0050DB63 /* XCRemoteSwiftPackageReference "SVGKit" */;
			productName = SVGKitSwift;
		};
/* End XCSwiftPackageProductDependency section */
	};
	rootObject = 84634F8528A4D8660050DB63 /* Project object */;
}
